
Microsoft Visual Studio Solution File, Format Version 12.00
# Visual Studio Version 16
VisualStudioVersion = 16.0.29806.167
MinimumVisualStudioVersion = 10.0.40219.1
Project("{FAE04EC0-301F-11D3-BF4B-00C04F79EFBC}") = "Lab_11.1", "Lab_11.1\Lab_11.1.csproj", "{28B0849A-ED51-43A0-905B-3541F1BD2C6F}"
EndProject
Global
	GlobalSection(SolutionConfigurationPlatforms) = preSolution
		Debug|Any CPU = Debug|Any CPU
		Release|Any CPU = Release|Any CPU
	EndGlobalSection
	GlobalSection(ProjectConfigurationPlatforms) = postSolution
		{28B0849A-ED51-43A0-905B-3541F1BD2C6F}.Debug|Any CPU.ActiveCfg = Debug|Any CPU
		{28B0849A-ED51-43A0-905B-3541F1BD2C6F}.Debug|Any CPU.Build.0 = Debug|Any CPU
		{28B0849A-ED51-43A0-905B-3541F1BD2C6F}.Release|Any CPU.ActiveCfg = Release|Any CPU
		{28B0849A-ED51-43A0-905B-3541F1BD2C6F}.Release|Any CPU.Build.0 = Release|Any CPU
	EndGlobalSection
	GlobalSection(SolutionProperties) = preSolution
		HideSolutionNode = FALSE
	EndGlobalSection
	GlobalSection(ExtensibilityGlobals) = postSolution
		SolutionGuid = {20C062BC-05C5-4B01-B7F1-E75492EE6EE4}
	EndGlobalSection
EndGlobal
